<?xml version="1.0" encoding="utf-8"?>
<Project ToolsVersion="4.0" xmlns="http://schemas.microsoft.com/developer/msbuild/2003">
  <ItemGroup>
    <Filter Include="Source Files">
      <UniqueIdentifier>{4FC737F1-C7A5-4376-A066-2A32D752A2FF}</UniqueIdentifier>
      <Extensions>cpp;c;cc;cxx;def;odl;idl;hpj;bat;asm;asmx</Extensions>
    </Filter>
    <Filter Include="Header Files">
      <UniqueIdentifier>{93995380-89BD-4b04-88EB-625FBE52EBFB}</UniqueIdentifier>
      <Extensions>h;hh;hpp;hxx;hm;inl;inc;xsd</Extensions>
    </Filter>
    <Filter Include="Resource Files">
      <UniqueIdentifier>{67DA6AB6-F800-4c08-8B7A-83BB121AAD01}</UniqueIdentifier>
      <Extensions>rc;ico;cur;bmp;dlg;rc2;rct;bin;rgs;gif;jpg;jpeg;jpe;resx;tiff;tif;png;wav;mfcribbon-ms</Extensions>
    </Filter>
    <Filter Include="_core">
      <UniqueIdentifier>{5f3a0b52-7d9f-4f32-9337-960c713b14dd}</UniqueIdentifier>
    </Filter>
    <Filter Include="_libraries">
      <UniqueIdentifier>{cd8e027e-288c-4bc2-9564-5655f0a941be}</UniqueIdentifier>
    </Filter>
    <Filter Include="_libraries\Wire">
      <UniqueIdentifier>{d57acf89-8b23-4801-b933-9f111414aa75}</UniqueIdentifier>
    </Filter>
    <Filter Include="_libraries\Wire\utility">
      <UniqueIdentifier>{d9cfd123-f7d7-469a-b3b7-425f5a78ecae}</UniqueIdentifier>
    </Filter>
  </ItemGroup>
  <ItemGroup>
    <None Include="ScouseTom_Control.ino" />
    <None Include="CS_comm.ino" />
    <None Include="PC_comm.ino" />
    <None Include="Pins.ino" />
    <None Include="Stim.ino" />
    <None Include="Switches.ino" />
  </ItemGroup>
  <ItemGroup>
    <ClInclude Include="Visual Micro\.ScouseTom_Control.vsarduino.h">
      <Filter>Header Files</Filter>
    </ClInclude>
    <ClInclude Include="BreadboardPins.h">
      <Filter>Header Files</Filter>
    </ClInclude>
    <ClInclude Include="PCBPins.h">
      <Filter>Header Files</Filter>
    </ClInclude>
    <ClInclude Include="..\..\..\..\..\..\Program Files (x86)\Arduino\hardware\arduino\avr\cores\arduino\Arduino.h">
      <Filter>_core</Filter>
    </ClInclude>
    <ClInclude Include="..\..\..\..\..\..\Program Files (x86)\Arduino\hardware\arduino\avr\cores\arduino\binary.h">
      <Filter>_core</Filter>
    </ClInclude>
    <ClInclude Include="..\..\..\..\..\..\Program Files (x86)\Arduino\hardware\arduino\avr\cores\arduino\Client.h">
      <Filter>_core</Filter>
    </ClInclude>
    <ClInclude Include="..\..\..\..\..\..\Program Files (x86)\Arduino\hardware\arduino\avr\cores\arduino\HardwareSerial.h">
      <Filter>_core</Filter>
    </ClInclude>
    <ClInclude Include="..\..\..\..\..\..\Program Files (x86)\Arduino\hardware\arduino\avr\cores\arduino\HardwareSerial_private.h">
      <Filter>_core</Filter>
    </ClInclude>
    <ClInclude Include="..\..\..\..\..\..\Program Files (x86)\Arduino\hardware\arduino\avr\cores\arduino\IPAddress.h">
      <Filter>_core</Filter>
    </ClInclude>
    <ClInclude Include="..\..\..\..\..\..\Program Files (x86)\Arduino\hardware\arduino\avr\cores\arduino\new.h">
      <Filter>_core</Filter>
    </ClInclude>
    <ClInclude Include="..\..\..\..\..\..\Program Files (x86)\Arduino\hardware\arduino\avr\cores\arduino\Print.h">
      <Filter>_core</Filter>
    </ClInclude>
    <ClInclude Include="..\..\..\..\..\..\Program Files (x86)\Arduino\hardware\arduino\avr\cores\arduino\Printable.h">
      <Filter>_core</Filter>
    </ClInclude>
    <ClInclude Include="..\..\..\..\..\..\Program Files (x86)\Arduino\hardware\arduino\avr\cores\arduino\Server.h">
      <Filter>_core</Filter>
    </ClInclude>
    <ClInclude Include="..\..\..\..\..\..\Program Files (x86)\Arduino\hardware\arduino\avr\cores\arduino\Stream.h">
      <Filter>_core</Filter>
    </ClInclude>
    <ClInclude Include="..\..\..\..\..\..\Program Files (x86)\Arduino\hardware\arduino\avr\cores\arduino\Udp.h">
      <Filter>_core</Filter>
    </ClInclude>
    <ClInclude Include="..\..\..\..\..\..\Program Files (x86)\Arduino\hardware\arduino\avr\cores\arduino\USBAPI.h">
      <Filter>_core</Filter>
    </ClInclude>
    <ClInclude Include="..\..\..\..\..\..\Program Files (x86)\Arduino\hardware\arduino\avr\cores\arduino\USBCore.h">
      <Filter>_core</Filter>
    </ClInclude>
    <ClInclude Include="..\..\..\..\..\..\Program Files (x86)\Arduino\hardware\arduino\avr\cores\arduino\USBDesc.h">
      <Filter>_core</Filter>
    </ClInclude>
    <ClInclude Include="..\..\..\..\..\..\Program Files (x86)\Arduino\hardware\arduino\avr\cores\arduino\WCharacter.h">
      <Filter>_core</Filter>
    </ClInclude>
    <ClInclude Include="..\..\..\..\..\..\Program Files (x86)\Arduino\hardware\arduino\avr\cores\arduino\wiring_private.h">
      <Filter>_core</Filter>
    </ClInclude>
    <ClInclude Include="..\..\..\..\..\..\Program Files (x86)\Arduino\hardware\arduino\avr\cores\arduino\WString.h">
      <Filter>_core</Filter>
    </ClInclude>
    <ClInclude Include="..\..\..\..\..\..\Program Files (x86)\Arduino\hardware\arduino\avr\variants\yun\pins_arduino.h">
      <Filter>_core</Filter>
    </ClInclude>
    <ClInclude Include="..\..\..\..\..\..\Program Files (x86)\Arduino\hardware\arduino\avr\libraries\Wire\Wire.h">
      <Filter>_libraries\Wire</Filter>
    </ClInclude>
    <ClInclude Include="..\..\..\..\..\..\Program Files (x86)\Arduino\hardware\arduino\avr\libraries\Wire\utility\twi.h">
      <Filter>_libraries\Wire\utility</Filter>
    </ClInclude>
  </ItemGroup>
  <ItemGroup>
    <ClCompile Include="..\..\..\..\..\..\Program Files (x86)\Arduino\hardware\arduino\avr\cores\arduino\abi.cpp">
      <Filter>_core</Filter>
    </ClCompile>
    <ClCompile Include="..\..\..\..\..\..\Program Files (x86)\Arduino\hardware\arduino\avr\cores\arduino\CDC.cpp">
      <Filter>_core</Filter>
    </ClCompile>
    <ClCompile Include="..\..\..\..\..\..\Program Files (x86)\Arduino\hardware\arduino\avr\cores\arduino\HardwareSerial.cpp">
      <Filter>_core</Filter>
    </ClCompile>
    <ClCompile Include="..\..\..\..\..\..\Program Files (x86)\Arduino\hardware\arduino\avr\cores\arduino\HardwareSerial0.cpp">
      <Filter>_core</Filter>
    </ClCompile>
    <ClCompile Include="..\..\..\..\..\..\Program Files (x86)\Arduino\hardware\arduino\avr\cores\arduino\HardwareSerial1.cpp">
      <Filter>_core</Filter>
    </ClCompile>
    <ClCompile Include="..\..\..\..\..\..\Program Files (x86)\Arduino\hardware\arduino\avr\cores\arduino\HardwareSerial2.cpp">
      <Filter>_core</Filter>
    </ClCompile>
    <ClCompile Include="..\..\..\..\..\..\Program Files (x86)\Arduino\hardware\arduino\avr\cores\arduino\HardwareSerial3.cpp">
      <Filter>_core</Filter>
    </ClCompile>
    <ClCompile Include="..\..\..\..\..\..\Program Files (x86)\Arduino\hardware\arduino\avr\cores\arduino\HID.cpp">
      <Filter>_core</Filter>
    </ClCompile>
    <ClCompile Include="..\..\..\..\..\..\Program Files (x86)\Arduino\hardware\arduino\avr\cores\arduino\hooks.c">
      <Filter>_core</Filter>
    </ClCompile>
    <ClCompile Include="..\..\..\..\..\..\Program Files (x86)\Arduino\hardware\arduino\avr\cores\arduino\IPAddress.cpp">
      <Filter>_core</Filter>
    </ClCompile>
    <ClCompile Include="..\..\..\..\..\..\Program Files (x86)\Arduino\hardware\arduino\avr\cores\arduino\main.cpp">
      <Filter>_core</Filter>
    </ClCompile>
    <ClCompile Include="..\..\..\..\..\..\Program Files (x86)\Arduino\hardware\arduino\avr\cores\arduino\new.cpp">
      <Filter>_core</Filter>
    </ClCompile>
    <ClCompile Include="..\..\..\..\..\..\Program Files (x86)\Arduino\hardware\arduino\avr\cores\arduino\Print.cpp">
      <Filter>_core</Filter>
    </ClCompile>
    <ClCompile Include="..\..\..\..\..\..\Program Files (x86)\Arduino\hardware\arduino\avr\cores\arduino\Stream.cpp">
      <Filter>_core</Filter>
    </ClCompile>
    <ClCompile Include="..\..\..\..\..\..\Program Files (x86)\Arduino\hardware\arduino\avr\cores\arduino\Tone.cpp">
      <Filter>_core</Filter>
    </ClCompile>
    <ClCompile Include="..\..\..\..\..\..\Program Files (x86)\Arduino\hardware\arduino\avr\cores\arduino\USBCore.cpp">
      <Filter>_core</Filter>
    </ClCompile>
    <ClCompile Include="..\..\..\..\..\..\Program Files (x86)\Arduino\hardware\arduino\avr\cores\arduino\WInterrupts.c">
      <Filter>_core</Filter>
    </ClCompile>
    <ClCompile Include="..\..\..\..\..\..\Program Files (x86)\Arduino\hardware\arduino\avr\cores\arduino\wiring.c">
      <Filter>_core</Filter>
    </ClCompile>
    <ClCompile Include="..\..\..\..\..\..\Program Files (x86)\Arduino\hardware\arduino\avr\cores\arduino\wiring_analog.c">
      <Filter>_core</Filter>
    </ClCompile>
    <ClCompile Include="..\..\..\..\..\..\Program Files (x86)\Arduino\hardware\arduino\avr\cores\arduino\wiring_digital.c">
      <Filter>_core</Filter>
    </ClCompile>
    <ClCompile Include="..\..\..\..\..\..\Program Files (x86)\Arduino\hardware\arduino\avr\cores\arduino\wiring_pulse.c">
      <Filter>_core</Filter>
    </ClCompile>
    <ClCompile Include="..\..\..\..\..\..\Program Files (x86)\Arduino\hardware\arduino\avr\cores\arduino\wiring_shift.c">
      <Filter>_core</Filter>
    </ClCompile>
    <ClCompile Include="..\..\..\..\..\..\Program Files (x86)\Arduino\hardware\arduino\avr\cores\arduino\WMath.cpp">
      <Filter>_core</Filter>
    </ClCompile>
    <ClCompile Include="..\..\..\..\..\..\Program Files (x86)\Arduino\hardware\arduino\avr\cores\arduino\WString.cpp">
      <Filter>_core</Filter>
    </ClCompile>
    <ClCompile Include="..\..\..\..\..\..\Program Files (x86)\Arduino\hardware\arduino\avr\libraries\Wire\Wire.cpp">
      <Filter>_libraries\Wire</Filter>
    </ClCompile>
    <ClCompile Include="..\..\..\..\..\..\Program Files (x86)\Arduino\hardware\arduino\avr\libraries\Wire\utility\twi.c">
      <Filter>_libraries\Wire\utility</Filter>
    </ClCompile>
  </ItemGroup>
</Project>